{
  "name": "batoi-uif",
  "version": "0.0.0",
  "lockfileVersion": 3,
  "requires": true,
  "packages": {
    "": {
      "name": "batoi-uif",
      "version": "0.0.0",
      "license": "Apache-2.0",
      "workspaces": [
        "packages/*",
        "apps/*",
        "examples/*"
      ],
      "devDependencies": {
        "@eslint/js": "^9.25.0",
        "@types/node": "^22.15.14",
        "eslint": "^9.25.0",
        "eslint-config-prettier": "^10.1.2",
        "jsdom": "^25.0.1",
        "prettier": "^3.5.3",
        "tsup": "^8.4.0",
        "typescript": "^5.8.3",
        "vite": "^5.4.19",
        "vitest": "^2.1.9"
      }
    },
    "apps/docs": {
      "name": "@batoi/uif-docs"
    },
    "apps/playground": {
      "name": "@batoi/uif-playground"
    },
    "examples/ai-tool-approval": {
      "name": "@batoi/uif-example-ai-tool-approval"
    },
    "examples/mobile-shell": {
      "name": "@batoi/uif-example-mobile-shell"
    },
    "examples/rad-crud": {
      "name": "@batoi/uif-example-rad-crud"
    },
    "examples/rad-dashboard": {
      "name": "@batoi/uif-example-rad-dashboard"
    },
    "examples/realtime-feed": {
      "name": "@batoi/uif-example-realtime-feed"
    },
    "packages/ai": {
      "name": "@batoi/uif-ai",
      "version": "0.1.0"
    },
    "packages/charts": {
      "name": "@batoi/uif-charts",
      "version": "0.1.0",
      "dependencies": {
        "@batoi/uif-net": "0.1.0"
      }
    },
    "packages/components": {
      "name": "@batoi/uif-components",
      "version": "0.1.0",
      "dependencies": {
        "@batoi/uif-core": "0.1.0"
      }
    },
    "packages/core": {
      "name": "@batoi/uif-core",
      "version": "0.1.0"
    },
    "packages/css": {
      "name": "@batoi/uif-css",
      "version": "0.1.0"
    },
    "packages/dom": {
      "name": "@batoi/uif-dom",
      "version": "0.1.0"
    },
    "packages/forms": {
      "name": "@batoi/uif-forms",
      "version": "0.1.0",
      "dependencies": {
        "@batoi/uif-net": "0.1.0"
      }
    },
    "packages/mcp": {
      "name": "@batoi/uif-mcp",
      "version": "0.1.0",
      "dependencies": {
        "@batoi/uif-core": "0.1.0"
      }
    },
    "packages/mobile": {
      "name": "@batoi/uif-mobile",
      "version": "0.1.0"
    },
    "packages/net": {
      "name": "@batoi/uif-net",
      "version": "0.1.0",
      "dependencies": {
        "@batoi/uif-core": "0.1.0"
      }
    },
    "packages/push": {
      "name": "@batoi/uif-push",
      "version": "0.1.0",
      "dependencies": {
        "@batoi/uif-components": "0.1.0",
        "@batoi/uif-pwa": "0.1.0"
      }
    },
    "packages/pwa": {
      "name": "@batoi/uif-pwa",
      "version": "0.1.0"
    },
    "packages/rad-adapter": {
      "name": "@batoi/uif-rad-adapter",
      "version": "0.1.0",
      "dependencies": {
        "@batoi/uif-core": "0.1.0",
        "@batoi/uif-dom": "0.1.0",
        "@batoi/uif-net": "0.1.0"
      }
    },
    "packages/realtime": {
      "name": "@batoi/uif-realtime",
      "version": "0.1.0"
    },
    "packages/router": {
      "name": "@batoi/uif-router",
      "version": "0.1.0",
      "dependencies": {
        "@batoi/uif-dom": "0.1.0",
        "@batoi/uif-net": "0.1.0"
      }
    },
    "packages/state": {
      "name": "@batoi/uif-state",
      "version": "0.1.0"
    }
  }
}
